{
  "version": "5",
  "specifiers": {
    "jsr:@std/assert@1.0.19": "1.0.19",
    "jsr:@std/assert@^1.0.19": "1.0.19",
    "jsr:@std/fs@^1.0.24": "1.0.24",
    "jsr:@std/internal@^1.0.12": "1.0.14",
    "jsr:@std/internal@^1.0.14": "1.0.14",
    "jsr:@std/path@^1.1.5": "1.1.6",
    "jsr:@std/path@^1.1.6": "1.1.6",
    "jsr:@std/testing@1.0.21": "1.0.21",
    "npm:@supabase/supabase-js@2.90.1": "2.90.1",
    "npm:pdfmake@0.3.11": "0.3.11",
    "npm:zod@4.3.5": "4.3.5"
  },
  "jsr": {
    "@std/assert@1.0.19": {
      "integrity": "eaada96ee120cb980bc47e040f82814d786fe8162ecc53c91d8df60b8755991e",
      "dependencies": [
        "jsr:@std/internal@^1.0.12"
      ]
    },
    "@std/fs@1.0.24": {
      "integrity": "f3061b45b81673a2bece689da041df32d174be064c89eb6397fb5718d3fb7877",
      "dependencies": [
        "jsr:@std/path@^1.1.5"
      ]
    },
    "@std/internal@1.0.14": {
      "integrity": "291516b3d4c35024d6ffbc0a9df5bf4c64116e05b50012cf846710152d2ffdf7"
    },
    "@std/path@1.1.6": {
      "integrity": "c68485c2a4dfbb5ae3cc74fae4e8c4e5d874cf8a8ed12927917235c758b46cbe",
      "dependencies": [
        "jsr:@std/internal@^1.0.14"
      ]
    },
    "@std/testing@1.0.21": {
      "integrity": "a0d14b2519005242821565091127c7d6fa96ca1b330e84e9249afcd602ee764f",
      "dependencies": [
        "jsr:@std/assert@^1.0.19",
        "jsr:@std/fs",
        "jsr:@std/internal@^1.0.14",
        "jsr:@std/path@^1.1.6"
      ]
    }
  },
  "npm": {
    "@noble/ciphers@1.3.0": {
      "integrity": "sha512-2I0gnIVPtfnMw9ee9h1dJG7tp81+8Ob3OJb3Mv37rx5L40/b0i7djjCVvGOVqc9AEIQyvyu1i6ypKdFw8R8gQw=="
    },
    "@noble/hashes@1.8.0": {
      "integrity": "sha512-jCs9ldd7NwzpgXDIf6P3+NrHh9/sD6CQdxHyjQI+h/6rDNo88ypBxxz45UDuZHz9r3tNz7N/VInSVoVdtXEI4A=="
    },
    "@supabase/auth-js@2.90.1": {
      "integrity": "sha512-vxb66dgo6h3yyPbR06735Ps+dK3hj0JwS8w9fdQPVZQmocSTlKUW5MfxSy99mN0XqCCuLMQ3jCEiIIUU23e9ng==",
      "dependencies": [
        "tslib"
      ]
    },
    "@supabase/functions-js@2.90.1": {
      "integrity": "sha512-x9mV9dF1Lam9qL3zlpP6mSM5C9iqMPtF5B/tU1Jj/F0ufX5mjDf9ghVBaErVxmrQJRL4+iMKWKY2GnODkpS8tw==",
      "dependencies": [
        "tslib"
      ]
    },
    "@supabase/postgrest-js@2.90.1": {
      "integrity": "sha512-jh6vqzaYzoFn3raaC0hcFt9h+Bt+uxNRBSdc7PfToQeRGk7PDPoweHsbdiPWREtDVTGKfu+PyPW9e2jbK+BCgQ==",
      "dependencies": [
        "tslib"
      ]
    },
    "@supabase/realtime-js@2.90.1": {
      "integrity": "sha512-PWbnEMkcQRuor8jhObp4+Snufkq8C6fBp+MchVp2qBPY1NXk/c3Iv3YyiFYVzo0Dzuw4nAlT4+ahuPggy4r32w==",
      "dependencies": [
        "@types/phoenix",
        "@types/ws",
        "tslib",
        "ws"
      ]
    },
    "@supabase/storage-js@2.90.1": {
      "integrity": "sha512-GHY+Ps/K/RBfRj7kwx+iVf2HIdqOS43rM2iDOIDpapyUnGA9CCBFzFV/XvfzznGykd//z2dkGZhlZZprsVFqGg==",
      "dependencies": [
        "iceberg-js",
        "tslib"
      ]
    },
    "@supabase/supabase-js@2.90.1": {
      "integrity": "sha512-U8KaKGLUgTIFHtwEW1dgw1gK7XrdpvvYo7nzzqPx721GqPe8WZbAiLh/hmyKLGBYQ/mmQNr20vU9tWSDZpii3w==",
      "dependencies": [
        "@supabase/auth-js",
        "@supabase/functions-js",
        "@supabase/postgrest-js",
        "@supabase/realtime-js",
        "@supabase/storage-js"
      ]
    },
    "@swc/helpers@0.5.23": {
      "integrity": "sha512-5lSsMOTXURePglDfvuAQUqkGek9Hg2kksOYay2m0+XR++b2NWYL/4sWyuvVBIs8oKnJaxkdi9whaL/sqN13afw==",
      "dependencies": [
        "tslib"
      ]
    },
    "@types/node@26.6.4": {
      "integrity": "sha512-ldVPDCzj7fsaGZrLB0NuHuTvJcsNasysBAqMolr/cgxrLd1xbqxIr3XJiPnHHJUCxj5sNF1vnRj9aWnrVh5Jcg==",
      "dependencies": [
        "undici-types"
      ]
    },
    "@types/phoenix@1.6.7": {
      "integrity": "sha512-oN9ive//QSBkf19rfDv45M7eZPi0eEXylht2OLEXicu5b4KoQ1OzXIw+xDSGWxSxe1JmepRR/ZH283vsu518/Q=="
    },
    "@types/ws@8.18.2": {
      "integrity": "sha512-67MQl+fpWKVTT1NYdnmo3U4sc/xPo/zQBncVnI74qmQa0z/b+1g6iYqNmGCPbxO+zz2aklb08a0oHfegiVd0/w==",
      "dependencies": [
        "@types/node"
      ]
    },
    "base64-js@0.0.8": {
      "integrity": "sha512-3XSA2cR/h/73EzlXXdU6YNycmYI7+kicTxks4eJg2g39biHR84slg2+des+p7iHYhbRg/udIS4TD53WabcOUkw=="
    },
    "base64-js@1.5.1": {
      "integrity": "sha512-AKpaYlHn8t4SVbOHCy+b5+KKgvR4vrsD8vbvrbiQJps7fKDTkjkDry6ji0rUJjC0kzbNePLwzxq8iypo41qeWA=="
    },
    "brotli@1.3.3": {
      "integrity": "sha512-oTKjJdShmDuGW94SyyaoQvAjf30dZaHnjJ8uAF+u2/vGJkJbJPJAT1gDiOJP5v1Zb6f9KEyW/1HpuaWIXtGHPg==",
      "dependencies": [
        "base64-js@1.5.1"
      ]
    },
    "browserify-zlib@0.2.0": {
      "integrity": "sha512-Z942RysHXmJrhqk88FmKBVq/v5tqmSkDz7p54G/MGyjMnCFFnC79XWNbg+Vta8W6Wb2qtSZTSxIGkJrRpCFEiA==",
      "dependencies": [
        "pako@1.0.11"
      ]
    },
    "clone@2.1.2": {
      "integrity": "sha512-3Pe/CF1Nn94hyhIYpjtiLhdCoEoz0DqQ+988E9gmeEdQZlojxnOb74wctFyuwWQHzqyf9X7C7MG8juUpqBJT8w=="
    },
    "dfa@1.2.0": {
      "integrity": "sha512-ED3jP8saaweFTjeGX8HQPjeC1YYyZs98jGNZx6IiBvxW7JG5v492kamAQB3m2wop07CvU/RQmzcKr6bgcC5D/Q=="
    },
    "fast-deep-equal@3.1.3": {
      "integrity": "sha512-f3qQ9oQy9j2AhBe/H9VC91wLmKBCCU/gDOnKNAYG5hswO7BLKj09Hc5HYNz9cGI++xlpDCIgDaitVs03ATR84Q=="
    },
    "fontkit@2.0.4": {
      "integrity": "sha512-syetQadaUEDNdxdugga9CpEYVaQIxOwk7GlwZWWZ19//qW4zE5bknOKeMBDYAASwnpaSHKJITRLMF9m1fp3s6g==",
      "dependencies": [
        "@swc/helpers",
        "brotli",
        "clone",
        "dfa",
        "fast-deep-equal",
        "restructure",
        "tiny-inflate",
        "unicode-properties",
        "unicode-trie"
      ]
    },
    "iceberg-js@0.8.1": {
      "integrity": "sha512-1dhVQZXhcHje7798IVM+xoo/1ZdVfzOMIc8/rgVSijRK38EDqOJoGula9N/8ZI5RD8QTxNQtK/Gozpr+qUqRRA=="
    },
    "js-md5@0.8.3": {
      "integrity": "sha512-qR0HB5uP6wCuRMrWPTrkMaev7MJZwJuuw4fnwAzRgP4J4/F8RwtodOKpGp4XpqsLBFzzgqIO42efFAyz2Et6KQ=="
    },
    "linebreak@1.1.0": {
      "integrity": "sha512-MHp03UImeVhB7XZtjd0E4n6+3xr5Dq/9xI/5FptGk5FrbDR3zagPa2DS6U8ks/3HjbKWG9Q1M2ufOzxV2qLYSQ==",
      "dependencies": [
        "base64-js@0.0.8",
        "unicode-trie"
      ]
    },
    "pako@0.2.9": {
      "integrity": "sha512-NUcwaKxUxWrZLpDG+z/xZaCgQITkA/Dv4V/T6bw7VON6l1Xz/VnrBqrYjZQ12TamKHzITTfOEIYUj48y2KXImA=="
    },
    "pako@1.0.11": {
      "integrity": "sha512-4hLB8Py4zZce5s4yd9XzopqwVv/yGNhV1Bl8NTmCq1763HeK2+EwVTv+leGeL13Dnh2wfbqowVPXCIO0z4taYw=="
    },
    "pdfkit@0.19.1": {
      "integrity": "sha512-6Gzk+wDwTs4VSxsR5rCMTnIl5nlmkye1oWB0l2hDB1EX6ZNSIBroKQEv+2+fPPn+stVjyqzmsqRJVDfB9fo5DA==",
      "dependencies": [
        "@noble/ciphers",
        "@noble/hashes",
        "fontkit",
        "js-md5",
        "linebreak",
        "png-js"
      ]
    },
    "pdfmake@0.3.11": {
      "integrity": "sha512-Uc49J9hUMyuqJk+U+PxlpBpPr96A4HOOfesGx609EPr2ue82+5/Smq/KTAkEqh0/jUGSi1fumvqZ5yAWijJTJg==",
      "dependencies": [
        "linebreak",
        "pdfkit",
        "xmldoc"
      ]
    },
    "png-js@1.1.0": {
      "integrity": "sha512-PM/uYGzGdNSzqeOgly68+6wKQDL1SY0a/N+OEa/+br6LnHWOAJB0Npiamnodfq3jd2LS/i2fMeOKSAILjA+m5Q==",
      "dependencies": [
        "browserify-zlib"
      ]
    },
    "restructure@3.0.2": {
      "integrity": "sha512-gSfoiOEA0VPE6Tukkrr7I0RBdE0s7H1eFCDBk05l1KIQT1UIKNc5JZy6jdyW6eYH3aR3g5b3PuL77rq0hvwtAw=="
    },
    "sax@1.6.1": {
      "integrity": "sha512-42tBVwLWnaQvW5zc4HbZrTuWccECCZfBi92FDuwtqxasH+JbPB3/FOKb1m222K42R4WxuxzzMsTswfzgtSu64Q=="
    },
    "tiny-inflate@1.0.3": {
      "integrity": "sha512-pkY1fj1cKHb2seWDy0B16HeWyczlJA9/WW3u3c4z/NiWDsO3DOU5D7nhTLE9CF0yXv/QZFY7sEJmj24dK+Rrqw=="
    },
    "tslib@2.8.1": {
      "integrity": "sha512-oJFu94HQb+KVduSUQL7wnpmqnfmLsOA/nAh6b6EH0wCEoK0/mPeXU6c3wKDV83MkOuHPRHtSXKKU99IBazS/2w=="
    },
    "undici-types@8.9.0": {
      "integrity": "sha512-KTDyRTYX8sWmKXAikPHHSyc63CRPETMctyjKFupcC6OBLXT3xsN0e9aF7m+mIXutFWpUXuedtowG7iLOzp0kQg=="
    },
    "unicode-properties@1.4.1": {
      "integrity": "sha512-CLjCCLQ6UuMxWnbIylkisbRj31qxHPAurvena/0iwSVbQ2G1VY5/HjV0IRabOEbDHlzZlRdCrD4NhB0JtU40Pg==",
      "dependencies": [
        "base64-js@1.5.1",
        "unicode-trie"
      ]
    },
    "unicode-trie@2.0.0": {
      "integrity": "sha512-x7bc76x0bm4prf1VLg79uhAzKw8DVboClSN5VxJuQ+LKDOVEW9CdH+VY7SP+vX7xCYQqzzgQpFqz15zeLvAtZQ==",
      "dependencies": [
        "pako@0.2.9",
        "tiny-inflate"
      ]
    },
    "ws@8.22.0": {
      "integrity": "sha512-Ydggc987+RO0AnWtZ/7Wq9FtNvcrL1b/RO0ud9mWjUPgDrsAAwQSF51sm2hm1XofbU/4jkpGEsLFsZZxU+1DOg=="
    },
    "xmldoc@2.0.3": {
      "integrity": "sha512-6gRk4NY/Jvg67xn7OzJuxLRsGgiXBaPUQplVJ/9l99uIugxh4FTOewYz5ic8WScj7Xx/2WvhENiQKwkK9RpE4w==",
      "dependencies": [
        "sax"
      ]
    },
    "zod@4.3.5": {
      "integrity": "sha512-k7Nwx6vuWx1IJ9Bjuf4Zt1PEllcwe7cls3VNzm4CQ1/hgtFUK2bRNG3rvnpPUhFjmqJKAKtjV576KnUkHocg/g=="
    }
  },
  "workspace": {
    "dependencies": [
      "jsr:@std/assert@1.0.19",
      "jsr:@std/testing@1.0.21",
      "npm:@supabase/supabase-js@2.90.1",
      "npm:pdfmake@0.3.11",
      "npm:zod@4.3.5"
    ]
  }
}
